
Microsoft Visual Studio Solution File, Format Version 12.00
# Visual Studio 15
VisualStudioVersion = 15.0.28307.421
MinimumVisualStudioVersion = 10.0.40219.1
Project("{FAE04EC0-301F-11D3-BF4B-00C04F79EFBC}") = "TodoREST.Android", "TodoREST\TodoREST.Android\TodoREST.Android.csproj", "{5DFBDD1E-CA34-4CA1-A730-C8C365E7D4B5}"
EndProject
Project("{FAE04EC0-301F-11D3-BF4B-00C04F79EFBC}") = "TodoREST.iOS", "TodoREST\TodoREST.iOS\TodoREST.iOS.csproj", "{2FE278B8-847F-4458-AEED-BEE30AAB5F27}"
EndProject
Project("{FAE04EC0-301F-11D3-BF4B-00C04F79EFBC}") = "TodoREST", "TodoREST\TodoREST\TodoREST.csproj", "{C3CF2ADA-E7DE-4618-9D2F-D817312E31FB}"
EndProject
Global
	GlobalSection(SolutionConfigurationPlatforms) = preSolution
		Ad-Hoc|Any CPU = Ad-Hoc|Any CPU
		Ad-Hoc|iPhone = Ad-Hoc|iPhone
		Ad-Hoc|iPhoneSimulator = Ad-Hoc|iPhoneSimulator
		AppStore|Any CPU = AppStore|Any CPU
		AppStore|iPhone = AppStore|iPhone
		AppStore|iPhoneSimulator = AppStore|iPhoneSimulator
		Debug|Any CPU = Debug|Any CPU
		Debug|iPhone = Debug|iPhone
		Debug|iPhoneSimulator = Debug|iPhoneSimulator
		Release|Any CPU = Release|Any CPU
		Release|iPhone = Release|iPhone
		Release|iPhoneSimulator = Release|iPhoneSimulator
	EndGlobalSection
	GlobalSection(ProjectConfigurationPlatforms) = postSolution
		{5DFBDD1E-CA34-4CA1-A730-C8C365E7D4B5}.Ad-Hoc|Any CPU.ActiveCfg = Release|Any CPU
		{5DFBDD1E-CA34-4CA1-A730-C8C365E7D4B5}.Ad-Hoc|Any CPU.Build.0 = Release|Any CPU
		{5DFBDD1E-CA34-4CA1-A730-C8C365E7D4B5}.Ad-Hoc|Any CPU.Deploy.0 = Release|Any CPU
		{5DFBDD1E-CA34-4CA1-A730-C8C365E7D4B5}.Ad-Hoc|iPhone.ActiveCfg = Release|Any CPU
		{5DFBDD1E-CA34-4CA1-A730-C8C365E7D4B5}.Ad-Hoc|iPhone.Build.0 = Release|Any CPU
		{5DFBDD1E-CA34-4CA1-A730-C8C365E7D4B5}.Ad-Hoc|iPhone.Deploy.0 = Release|Any CPU
		{5DFBDD1E-CA34-4CA1-A730-C8C365E7D4B5}.Ad-Hoc|iPhoneSimulator.ActiveCfg = Release|Any CPU
		{5DFBDD1E-CA34-4CA1-A730-C8C365E7D4B5}.Ad-Hoc|iPhoneSimulator.Build.0 = Release|Any CPU
		{5DFBDD1E-CA34-4CA1-A730-C8C365E7D4B5}.Ad-Hoc|iPhoneSimulator.Deploy.0 = Release|Any CPU
		{5DFBDD1E-CA34-4CA1-A730-C8C365E7D4B5}.AppStore|Any CPU.ActiveCfg = Release|Any CPU
		{5DFBDD1E-CA34-4CA1-A730-C8C365E7D4B5}.AppStore|Any CPU.Build.0 = Release|Any CPU
		{5DFBDD1E-CA34-4CA1-A730-C8C365E7D4B5}.AppStore|Any CPU.Deploy.0 = Release|Any CPU
		{5DFBDD1E-CA34-4CA1-A730-C8C365E7D4B5}.AppStore|iPhone.ActiveCfg = Release|Any CPU
		{5DFBDD1E-CA34-4CA1-A730-C8C365E7D4B5}.AppStore|iPhone.Build.0 = Release|Any CPU
		{5DFBDD1E-CA34-4CA1-A730-C8C365E7D4B5}.AppStore|iPhone.Deploy.0 = Release|Any CPU
		{5DFBDD1E-CA34-4CA1-A730-C8C365E7D4B5}.AppStore|iPhoneSimulator.ActiveCfg = Release|Any CPU
		{5DFBDD1E-CA34-4CA1-A730-C8C365E7D4B5}.AppStore|iPhoneSimulator.Build.0 = Release|Any CPU
		{5DFBDD1E-CA34-4CA1-A730-C8C365E7D4B5}.AppStore|iPhoneSimulator.Deploy.0 = Release|Any CPU
		{5DFBDD1E-CA34-4CA1-A730-C8C365E7D4B5}.Debug|Any CPU.ActiveCfg = Debug|Any CPU
		{5DFBDD1E-CA34-4CA1-A730-C8C365E7D4B5}.Debug|Any CPU.Build.0 = Debug|Any CPU
		{5DFBDD1E-CA34-4CA1-A730-C8C365E7D4B5}.Debug|Any CPU.Deploy.0 = Debug|Any CPU
		{5DFBDD1E-CA34-4CA1-A730-C8C365E7D4B5}.Debug|iPhone.ActiveCfg = Debug|Any CPU
		{5DFBDD1E-CA34-4CA1-A730-C8C365E7D4B5}.Debug|iPhone.Build.0 = Debug|Any CPU
		{5DFBDD1E-CA34-4CA1-A730-C8C365E7D4B5}.Debug|iPhone.Deploy.0 = Debug|Any CPU
		{5DFBDD1E-CA34-4CA1-A730-C8C365E7D4B5}.Debug|iPhoneSimulator.ActiveCfg = Debug|Any CPU
		{5DFBDD1E-CA34-4CA1-A730-C8C365E7D4B5}.Debug|iPhoneSimulator.Build.0 = Debug|Any CPU
		{5DFBDD1E-CA34-4CA1-A730-C8C365E7D4B5}.Debug|iPhoneSimulator.Deploy.0 = Debug|Any CPU
		{5DFBDD1E-CA34-4CA1-A730-C8C365E7D4B5}.Release|Any CPU.ActiveCfg = Release|Any CPU
		{5DFBDD1E-CA34-4CA1-A730-C8C365E7D4B5}.Release|Any CPU.Build.0 = Release|Any CPU
		{5DFBDD1E-CA34-4CA1-A730-C8C365E7D4B5}.Release|Any CPU.Deploy.0 = Release|Any CPU
		{5DFBDD1E-CA34-4CA1-A730-C8C365E7D4B5}.Release|iPhone.ActiveCfg = Release|Any CPU
		{5DFBDD1E-CA34-4CA1-A730-C8C365E7D4B5}.Release|iPhone.Build.0 = Release|Any CPU
		{5DFBDD1E-CA34-4CA1-A730-C8C365E7D4B5}.Release|iPhone.Deploy.0 = Release|Any CPU
		{5DFBDD1E-CA34-4CA1-A730-C8C365E7D4B5}.Release|iPhoneSimulator.ActiveCfg = Release|Any CPU
		{5DFBDD1E-CA34-4CA1-A730-C8C365E7D4B5}.Release|iPhoneSimulator.Build.0 = Release|Any CPU
		{5DFBDD1E-CA34-4CA1-A730-C8C365E7D4B5}.Release|iPhoneSimulator.Deploy.0 = Release|Any CPU
		{2FE278B8-847F-4458-AEED-BEE30AAB5F27}.Ad-Hoc|Any CPU.ActiveCfg = Ad-Hoc|iPhone
		{2FE278B8-847F-4458-AEED-BEE30AAB5F27}.Ad-Hoc|Any CPU.Build.0 = Ad-Hoc|iPhone
		{2FE278B8-847F-4458-AEED-BEE30AAB5F27}.Ad-Hoc|Any CPU.Deploy.0 = Ad-Hoc|iPhone
		{2FE278B8-847F-4458-AEED-BEE30AAB5F27}.Ad-Hoc|iPhone.ActiveCfg = Ad-Hoc|iPhone
		{2FE278B8-847F-4458-AEED-BEE30AAB5F27}.Ad-Hoc|iPhone.Build.0 = Ad-Hoc|iPhone
		{2FE278B8-847F-4458-AEED-BEE30AAB5F27}.Ad-Hoc|iPhone.Deploy.0 = Ad-Hoc|iPhone
		{2FE278B8-847F-4458-AEED-BEE30AAB5F27}.Ad-Hoc|iPhoneSimulator.ActiveCfg = Ad-Hoc|iPhoneSimulator
		{2FE278B8-847F-4458-AEED-BEE30AAB5F27}.Ad-Hoc|iPhoneSimulator.Build.0 = Ad-Hoc|iPhoneSimulator
		{2FE278B8-847F-4458-AEED-BEE30AAB5F27}.Ad-Hoc|iPhoneSimulator.Deploy.0 = Ad-Hoc|iPhoneSimulator
		{2FE278B8-847F-4458-AEED-BEE30AAB5F27}.AppStore|Any CPU.ActiveCfg = AppStore|iPhone
		{2FE278B8-847F-4458-AEED-BEE30AAB5F27}.AppStore|Any CPU.Build.0 = AppStore|iPhone
		{2FE278B8-847F-4458-AEED-BEE30AAB5F27}.AppStore|Any CPU.Deploy.0 = AppStore|iPhone
		{2FE278B8-847F-4458-AEED-BEE30AAB5F27}.AppStore|iPhone.ActiveCfg = AppStore|iPhone
		{2FE278B8-847F-4458-AEED-BEE30AAB5F27}.AppStore|iPhone.Build.0 = AppStore|iPhone
		{2FE278B8-847F-4458-AEED-BEE30AAB5F27}.AppStore|iPhone.Deploy.0 = AppStore|iPhone
		{2FE278B8-847F-4458-AEED-BEE30AAB5F27}.AppStore|iPhoneSimulator.ActiveCfg = AppStore|iPhoneSimulator
		{2FE278B8-847F-4458-AEED-BEE30AAB5F27}.AppStore|iPhoneSimulator.Build.0 = AppStore|iPhoneSimulator
		{2FE278B8-847F-4458-AEED-BEE30AAB5F27}.AppStore|iPhoneSimulator.Deploy.0 = AppStore|iPhoneSimulator
		{2FE278B8-847F-4458-AEED-BEE30AAB5F27}.Debug|Any CPU.ActiveCfg = Debug|iPhoneSimulator
		{2FE278B8-847F-4458-AEED-BEE30AAB5F27}.Debug|Any CPU.Build.0 = Debug|iPhoneSimulator
		{2FE278B8-847F-4458-AEED-BEE30AAB5F27}.Debug|Any CPU.Deploy.0 = Debug|iPhoneSimulator
		{2FE278B8-847F-4458-AEED-BEE30AAB5F27}.Debug|iPhone.ActiveCfg = Debug|iPhone
		{2FE278B8-847F-4458-AEED-BEE30AAB5F27}.Debug|iPhone.Build.0 = Debug|iPhone
		{2FE278B8-847F-4458-AEED-BEE30AAB5F27}.Debug|iPhone.Deploy.0 = Debug|iPhone
		{2FE278B8-847F-4458-AEED-BEE30AAB5F27}.Debug|iPhoneSimulator.ActiveCfg = Debug|iPhoneSimulator
		{2FE278B8-847F-4458-AEED-BEE30AAB5F27}.Debug|iPhoneSimulator.Build.0 = Debug|iPhoneSimulator
		{2FE278B8-847F-4458-AEED-BEE30AAB5F27}.Debug|iPhoneSimulator.Deploy.0 = Debug|iPhoneSimulator
		{2FE278B8-847F-4458-AEED-BEE30AAB5F27}.Release|Any CPU.ActiveCfg = Release|iPhone
		{2FE278B8-847F-4458-AEED-BEE30AAB5F27}.Release|Any CPU.Build.0 = Release|iPhone
		{2FE278B8-847F-4458-AEED-BEE30AAB5F27}.Release|Any CPU.Deploy.0 = Release|iPhone
		{2FE278B8-847F-4458-AEED-BEE30AAB5F27}.Release|iPhone.ActiveCfg = Release|iPhone
		{2FE278B8-847F-4458-AEED-BEE30AAB5F27}.Release|iPhone.Build.0 = Release|iPhone
		{2FE278B8-847F-4458-AEED-BEE30AAB5F27}.Release|iPhone.Deploy.0 = Release|iPhone
		{2FE278B8-847F-4458-AEED-BEE30AAB5F27}.Release|iPhoneSimulator.ActiveCfg = Release|iPhoneSimulator
		{2FE278B8-847F-4458-AEED-BEE30AAB5F27}.Release|iPhoneSimulator.Build.0 = Release|iPhoneSimulator
		{2FE278B8-847F-4458-AEED-BEE30AAB5F27}.Release|iPhoneSimulator.Deploy.0 = Release|iPhoneSimulator
		{C3CF2ADA-E7DE-4618-9D2F-D817312E31FB}.Ad-Hoc|Any CPU.ActiveCfg = Debug|Any CPU
		{C3CF2ADA-E7DE-4618-9D2F-D817312E31FB}.Ad-Hoc|Any CPU.Build.0 = Debug|Any CPU
		{C3CF2ADA-E7DE-4618-9D2F-D817312E31FB}.Ad-Hoc|Any CPU.Deploy.0 = Debug|Any CPU
		{C3CF2ADA-E7DE-4618-9D2F-D817312E31FB}.Ad-Hoc|iPhone.ActiveCfg = Debug|Any CPU
		{C3CF2ADA-E7DE-4618-9D2F-D817312E31FB}.Ad-Hoc|iPhone.Build.0 = Debug|Any CPU
		{C3CF2ADA-E7DE-4618-9D2F-D817312E31FB}.Ad-Hoc|iPhone.Deploy.0 = Debug|Any CPU
		{C3CF2ADA-E7DE-4618-9D2F-D817312E31FB}.Ad-Hoc|iPhoneSimulator.ActiveCfg = Debug|Any CPU
		{C3CF2ADA-E7DE-4618-9D2F-D817312E31FB}.Ad-Hoc|iPhoneSimulator.Build.0 = Debug|Any CPU
		{C3CF2ADA-E7DE-4618-9D2F-D817312E31FB}.Ad-Hoc|iPhoneSimulator.Deploy.0 = Debug|Any CPU
		{C3CF2ADA-E7DE-4618-9D2F-D817312E31FB}.AppStore|Any CPU.ActiveCfg = Debug|Any CPU
		{C3CF2ADA-E7DE-4618-9D2F-D817312E31FB}.AppStore|Any CPU.Build.0 = Debug|Any CPU
		{C3CF2ADA-E7DE-4618-9D2F-D817312E31FB}.AppStore|Any CPU.Deploy.0 = Debug|Any CPU
		{C3CF2ADA-E7DE-4618-9D2F-D817312E31FB}.AppStore|iPhone.ActiveCfg = Debug|Any CPU
		{C3CF2ADA-E7DE-4618-9D2F-D817312E31FB}.AppStore|iPhone.Build.0 = Debug|Any CPU
		{C3CF2ADA-E7DE-4618-9D2F-D817312E31FB}.AppStore|iPhone.Deploy.0 = Debug|Any CPU
		{C3CF2ADA-E7DE-4618-9D2F-D817312E31FB}.AppStore|iPhoneSimulator.ActiveCfg = Debug|Any CPU
		{C3CF2ADA-E7DE-4618-9D2F-D817312E31FB}.AppStore|iPhoneSimulator.Build.0 = Debug|Any CPU
		{C3CF2ADA-E7DE-4618-9D2F-D817312E31FB}.AppStore|iPhoneSimulator.Deploy.0 = Debug|Any CPU
		{C3CF2ADA-E7DE-4618-9D2F-D817312E31FB}.Debug|Any CPU.ActiveCfg = Debug|Any CPU
		{C3CF2ADA-E7DE-4618-9D2F-D817312E31FB}.Debug|Any CPU.Build.0 = Debug|Any CPU
		{C3CF2ADA-E7DE-4618-9D2F-D817312E31FB}.Debug|Any CPU.Deploy.0 = Debug|Any CPU
		{C3CF2ADA-E7DE-4618-9D2F-D817312E31FB}.Debug|iPhone.ActiveCfg = Debug|Any CPU
		{C3CF2ADA-E7DE-4618-9D2F-D817312E31FB}.Debug|iPhone.Build.0 = Debug|Any CPU
		{C3CF2ADA-E7DE-4618-9D2F-D817312E31FB}.Debug|iPhone.Deploy.0 = Debug|Any CPU
		{C3CF2ADA-E7DE-4618-9D2F-D817312E31FB}.Debug|iPhoneSimulator.ActiveCfg = Debug|Any CPU
		{C3CF2ADA-E7DE-4618-9D2F-D817312E31FB}.Debug|iPhoneSimulator.Build.0 = Debug|Any CPU
		{C3CF2ADA-E7DE-4618-9D2F-D817312E31FB}.Debug|iPhoneSimulator.Deploy.0 = Debug|Any CPU
		{C3CF2ADA-E7DE-4618-9D2F-D817312E31FB}.Release|Any CPU.ActiveCfg = Release|Any CPU
		{C3CF2ADA-E7DE-4618-9D2F-D817312E31FB}.Release|Any CPU.Build.0 = Release|Any CPU
		{C3CF2ADA-E7DE-4618-9D2F-D817312E31FB}.Release|Any CPU.Deploy.0 = Release|Any CPU
		{C3CF2ADA-E7DE-4618-9D2F-D817312E31FB}.Release|iPhone.ActiveCfg = Release|Any CPU
		{C3CF2ADA-E7DE-4618-9D2F-D817312E31FB}.Release|iPhone.Build.0 = Release|Any CPU
		{C3CF2ADA-E7DE-4618-9D2F-D817312E31FB}.Release|iPhone.Deploy.0 = Release|Any CPU
		{C3CF2ADA-E7DE-4618-9D2F-D817312E31FB}.Release|iPhoneSimulator.ActiveCfg = Release|Any CPU
		{C3CF2ADA-E7DE-4618-9D2F-D817312E31FB}.Release|iPhoneSimulator.Build.0 = Release|Any CPU
		{C3CF2ADA-E7DE-4618-9D2F-D817312E31FB}.Release|iPhoneSimulator.Deploy.0 = Release|Any CPU
	EndGlobalSection
	GlobalSection(SolutionProperties) = preSolution
		HideSolutionNode = FALSE
	EndGlobalSection
	GlobalSection(ExtensibilityGlobals) = postSolution
		SolutionGuid = {C68F533E-E822-4E73-88D4-72114F4D8A41}
	EndGlobalSection
EndGlobal
